
Microsoft Visual Studio Solution File, Format Version 12.00
# Visual Studio Version 17
VisualStudioVersion = 17.5.33516.290
MinimumVisualStudioVersion = 10.0.40219.1
Project("{FAE04EC0-301F-11D3-BF4B-00C04F79EFBC}") = "CodignforEAC2", "CodignforEAC2\CodignforEAC2.csproj", "{7B16C0D9-34B0-42C0-BA39-1EEB95E8169C}"
EndProject
Global
	GlobalSection(SolutionConfigurationPlatforms) = preSolution
		Debug|Any CPU = Debug|Any CPU
		Release|Any CPU = Release|Any CPU
	EndGlobalSection
	GlobalSection(ProjectConfigurationPlatforms) = postSolution
		{7B16C0D9-34B0-42C0-BA39-1EEB95E8169C}.Debug|Any CPU.ActiveCfg = Debug|Any CPU
		{7B16C0D9-34B0-42C0-BA39-1EEB95E8169C}.Debug|Any CPU.Build.0 = Debug|Any CPU
		{7B16C0D9-34B0-42C0-BA39-1EEB95E8169C}.Release|Any CPU.ActiveCfg = Release|Any CPU
		{7B16C0D9-34B0-42C0-BA39-1EEB95E8169C}.Release|Any CPU.Build.0 = Release|Any CPU
	EndGlobalSection
	GlobalSection(SolutionProperties) = preSolution
		HideSolutionNode = FALSE
	EndGlobalSection
	GlobalSection(ExtensibilityGlobals) = postSolution
		SolutionGuid = {42DD4575-74D2-484A-9484-CAABDE2326A9}
	EndGlobalSection
EndGlobal
