
Microsoft Visual Studio Solution File, Format Version 12.00
# Visual Studio Version 17
VisualStudioVersion = 17.5.33516.290
MinimumVisualStudioVersion = 10.0.40219.1
Project("{FAE04EC0-301F-11D3-BF4B-00C04F79EFBC}") = "CodingforAEC1", "CodingforAEC1\CodingforAEC1.csproj", "{EE3DA347-C80B-496B-B9D5-846F6BB876EA}"
EndProject
Global
	GlobalSection(SolutionConfigurationPlatforms) = preSolution
		Debug|Any CPU = Debug|Any CPU
		Release|Any CPU = Release|Any CPU
	EndGlobalSection
	GlobalSection(ProjectConfigurationPlatforms) = postSolution
		{EE3DA347-C80B-496B-B9D5-846F6BB876EA}.Debug|Any CPU.ActiveCfg = Debug|Any CPU
		{EE3DA347-C80B-496B-B9D5-846F6BB876EA}.Debug|Any CPU.Build.0 = Debug|Any CPU
		{EE3DA347-C80B-496B-B9D5-846F6BB876EA}.Release|Any CPU.ActiveCfg = Release|Any CPU
		{EE3DA347-C80B-496B-B9D5-846F6BB876EA}.Release|Any CPU.Build.0 = Release|Any CPU
	EndGlobalSection
	GlobalSection(SolutionProperties) = preSolution
		HideSolutionNode = FALSE
	EndGlobalSection
	GlobalSection(ExtensibilityGlobals) = postSolution
		SolutionGuid = {B563D62C-A11A-4C00-A77B-72E85A9E9A3F}
	EndGlobalSection
EndGlobal
